PODS:
  - PromiseKit (4.1.7):
    - PromiseKit/Foundation (= 4.1.7)
    - PromiseKit/QuartzCore (= 4.1.7)
    - PromiseKit/UIKit (= 4.1.7)
  - PromiseKit/CorePromise (4.1.7)
  - PromiseKit/Foundation (4.1.7):
    - PromiseKit/CorePromise
  - PromiseKit/QuartzCore (4.1.7):
    - PromiseKit/CorePromise
  - PromiseKit/UIKit (4.1.7):
    - PromiseKit/CorePromise
  - RxSwift (3.3.1)
  - SlackTextViewController (1.9.5)
  - Socket.IO-Client-Swift (8.3.3)
  - WeDeploy (0.3.0):
    - PromiseKit (~> 4.0)
    - RxSwift (~> 3.0)
    - Socket.IO-Client-Swift (~> 8.1)

DEPENDENCIES:
  - SlackTextViewController
  - WeDeploy (from `../api-swift`)

EXTERNAL SOURCES:
  WeDeploy:
    :path: "../api-swift"

SPEC CHECKSUMS:
  PromiseKit: 779f2e41faf62d854e7593026ddbcb0bb5c5002d
  RxSwift: 8fc9f2de6275a9101d518444e00bf32f1a42caac
  SlackTextViewController: fbcdadbb8090673f604484ff5b6eb8d77baed42a
  Socket.IO-Client-Swift: a2faffdbde89c63aebc5d631041530c1068b02b8
  WeDeploy: 43c7ad1c9cba1b83e0c1f46ea3eb65017b4bd4c8

PODFILE CHECKSUM: a60c4f82cefb50dd7ee62983c3b8fe212eeca932

COCOAPODS: 1.2.0
